// !$*UTF8*$!
{
	archiveVersion = 1;
	classes = {
	};
	objectVersion = 46;
	objects = {

/* Begin PBXBuildFile section */
		37AE55E2196327C600FE0106 /* AppDelegate.swift in Sources */ = {isa = PBXBuildFile; fileRef = 37AE55E1196327C600FE0106 /* AppDelegate.swift */; };
		37AE55E4196327C600FE0106 /* Images.xcassets in Resources */ = {isa = PBXBuildFile; fileRef = 37AE55E3196327C600FE0106 /* Images.xcassets */; };
		37AE55F0196327C600FE0106 /* pageTests.swift in Sources */ = {isa = PBXBuildFile; fileRef = 37AE55EF196327C600FE0106 /* pageTests.swift */; };
		37AE55FA196327D800FE0106 /* Storyboard.storyboard in Resources */ = {isa = PBXBuildFile; fileRef = 37AE55F9196327D800FE0106 /* Storyboard.storyboard */; };
		37AE55FD1963299600FE0106 /* PageViewController.swift in Sources */ = {isa = PBXBuildFile; fileRef = 37AE55FC1963299600FE0106 /* PageViewController.swift */; };
/* End PBXBuildFile section */

/* Begin PBXContainerItemProxy section */
		37AE55EA196327C600FE0106 /* PBXContainerItemProxy */ = {
			isa = PBXContainerItemProxy;
			containerPortal = 37AE55D4196327C600FE0106 /* Project object */;
			proxyType = 1;
			remoteGlobalIDString = 37AE55DB196327C600FE0106;
			remoteInfo = page;
		};
/* End PBXContainerItemProxy section */

/* Begin PBXFileReference section */
		37AE55DC196327C600FE0106 /* page.app */ = {isa = PBXFileReference; explicitFileType = wrapper.application; includeInIndex = 0; path = page.app; sourceTree = BUILT_PRODUCTS_DIR; };
		37AE55E0196327C600FE0106 /* Info.plist */ = {isa = PBXFileReference; lastKnownFileType = text.plist.xml; path = Info.plist; sourceTree = "<group>"; };
		37AE55E1196327C600FE0106 /* AppDelegate.swift */ = {isa = PBXFileReference; lastKnownFileType = sourcecode.swift; path = AppDelegate.swift; sourceTree = "<group>"; };
		37AE55E3196327C600FE0106 /* Images.xcassets */ = {isa = PBXFileReference; lastKnownFileType = folder.assetcatalog; path = Images.xcassets; sourceTree = "<group>"; };
		37AE55E9196327C600FE0106 /* pageTests.xctest */ = {isa = PBXFileReference; explicitFileType = wrapper.cfbundle; includeInIndex = 0; path = pageTests.xctest; sourceTree = BUILT_PRODUCTS_DIR; };
		37AE55EE196327C600FE0106 /* Info.plist */ = {isa = PBXFileReference; lastKnownFileType = text.plist.xml; path = Info.plist; sourceTree = "<group>"; };
		37AE55EF196327C600FE0106 /* pageTests.swift */ = {isa = PBXFileReference; lastKnownFileType = sourcecode.swift; path = pageTests.swift; sourceTree = "<group>"; };
		37AE55F9196327D800FE0106 /* Storyboard.storyboard */ = {isa = PBXFileReference; fileEncoding = 4; lastKnownFileType = file.storyboard; path = Storyboard.storyboard; sourceTree = "<group>"; };
		37AE55FC1963299600FE0106 /* PageViewController.swift */ = {isa = PBXFileReference; fileEncoding = 4; lastKnownFileType = sourcecode.swift; name = PageViewController.swift; path = Controllers/PageViewController.swift; sourceTree = "<group>"; };
/* End PBXFileReference section */

/* Begin PBXFrameworksBuildPhase section */
		37AE55D9196327C600FE0106 /* Frameworks */ = {
			isa = PBXFrameworksBuildPhase;
			buildActionMask = 2147483647;
			files = (
			);
			runOnlyForDeploymentPostprocessing = 0;
		};
		37AE55E6196327C600FE0106 /* Frameworks */ = {
			isa = PBXFrameworksBuildPhase;
			buildActionMask = 2147483647;
			files = (
			);
			runOnlyForDeploymentPostprocessing = 0;
		};
/* End PBXFrameworksBuildPhase section */

/* Begin PBXGroup section */
		37AE55D3196327C600FE0106 = {
			isa = PBXGroup;
			children = (
				37AE55DE196327C600FE0106 /* page */,
				37AE55EC196327C600FE0106 /* pageTests */,
				37AE55DD196327C600FE0106 /* Products */,
			);
			sourceTree = "<group>";
		};
		37AE55DD196327C600FE0106 /* Products */ = {
			isa = PBXGroup;
			children = (
				37AE55DC196327C600FE0106 /* page.app */,
				37AE55E9196327C600FE0106 /* pageTests.xctest */,
			);
			name = Products;
			sourceTree = "<group>";
		};
		37AE55DE196327C600FE0106 /* page */ = {
			isa = PBXGroup;
			children = (
				37AE55FB1963296900FE0106 /* Controllers */,
				37AE55E1196327C600FE0106 /* AppDelegate.swift */,
				37AE55E3196327C600FE0106 /* Images.xcassets */,
				37AE55F9196327D800FE0106 /* Storyboard.storyboard */,
				37AE55DF196327C600FE0106 /* Supporting Files */,
			);
			path = page;
			sourceTree = "<group>";
		};
		37AE55DF196327C600FE0106 /* Supporting Files */ = {
			isa = PBXGroup;
			children = (
				37AE55E0196327C600FE0106 /* Info.plist */,
			);
			name = "Supporting Files";
			sourceTree = "<group>";
		};
		37AE55EC196327C600FE0106 /* pageTests */ = {
			isa = PBXGroup;
			children = (
				37AE55EF196327C600FE0106 /* pageTests.swift */,
				37AE55ED196327C600FE0106 /* Supporting Files */,
			);
			path = pageTests;
			sourceTree = "<group>";
		};
		37AE55ED196327C600FE0106 /* Supporting Files */ = {
			isa = PBXGroup;
			children = (
				37AE55EE196327C600FE0106 /* Info.plist */,
			);
			name = "Supporting Files";
			sourceTree = "<group>";
		};
		37AE55FB1963296900FE0106 /* Controllers */ = {
			isa = PBXGroup;
			children = (
				37AE55FC1963299600FE0106 /* PageViewController.swift */,
			);
			name = Controllers;
			sourceTree = "<group>";
		};
/* End PBXGroup section */

/* Begin PBXNativeTarget section */
		37AE55DB196327C600FE0106 /* page */ = {
			isa = PBXNativeTarget;
			buildConfigurationList = 37AE55F3196327C600FE0106 /* Build configuration list for PBXNativeTarget "page" */;
			buildPhases = (
				37AE55D8196327C600FE0106 /* Sources */,
				37AE55D9196327C600FE0106 /* Frameworks */,
				37AE55DA196327C600FE0106 /* Resources */,
			);
			buildRules = (
			);
			dependencies = (
			);
			name = page;
			productName = page;
			productReference = 37AE55DC196327C600FE0106 /* page.app */;
			productType = "com.apple.product-type.application";
		};
		37AE55E8196327C600FE0106 /* pageTests */ = {
			isa = PBXNativeTarget;
			buildConfigurationList = 37AE55F6196327C600FE0106 /* Build configuration list for PBXNativeTarget "pageTests" */;
			buildPhases = (
				37AE55E5196327C600FE0106 /* Sources */,
				37AE55E6196327C600FE0106 /* Frameworks */,
				37AE55E7196327C600FE0106 /* Resources */,
			);
			buildRules = (
			);
			dependencies = (
				37AE55EB196327C600FE0106 /* PBXTargetDependency */,
			);
			name = pageTests;
			productName = pageTests;
			productReference = 37AE55E9196327C600FE0106 /* pageTests.xctest */;
			productType = "com.apple.product-type.bundle.unit-test";
		};
/* End PBXNativeTarget section */

/* Begin PBXProject section */
		37AE55D4196327C600FE0106 /* Project object */ = {
			isa = PBXProject;
			attributes = {
				LastUpgradeCheck = 0600;
				ORGANIZATIONNAME = "Danilo Braband";
				TargetAttributes = {
					37AE55DB196327C600FE0106 = {
						CreatedOnToolsVersion = 6.0;
					};
					37AE55E8196327C600FE0106 = {
						CreatedOnToolsVersion = 6.0;
						TestTargetID = 37AE55DB196327C600FE0106;
					};
				};
			};
			buildConfigurationList = 37AE55D7196327C600FE0106 /* Build configuration list for PBXProject "page" */;
			compatibilityVersion = "Xcode 3.2";
			developmentRegion = English;
			hasScannedForEncodings = 0;
			knownRegions = (
				en,
			);
			mainGroup = 37AE55D3196327C600FE0106;
			productRefGroup = 37AE55DD196327C600FE0106 /* Products */;
			projectDirPath = "";
			projectRoot = "";
			targets = (
				37AE55DB196327C600FE0106 /* page */,
				37AE55E8196327C600FE0106 /* pageTests */,
			);
		};
/* End PBXProject section */

/* Begin PBXResourcesBuildPhase section */
		37AE55DA196327C600FE0106 /* Resources */ = {
			isa = PBXResourcesBuildPhase;
			buildActionMask = 2147483647;
			files = (
				37AE55E4196327C600FE0106 /* Images.xcassets in Resources */,
				37AE55FA196327D800FE0106 /* Storyboard.storyboard in Resources */,
			);
			runOnlyForDeploymentPostprocessing = 0;
		};
		37AE55E7196327C600FE0106 /* Resources */ = {
			isa = PBXResourcesBuildPhase;
			buildActionMask = 2147483647;
			files = (
			);
			runOnlyForDeploymentPostprocessing = 0;
		};
/* End PBXResourcesBuildPhase section */

/* Begin PBXSourcesBuildPhase section */
		37AE55D8196327C600FE0106 /* Sources */ = {
			isa = PBXSourcesBuildPhase;
			buildActionMask = 2147483647;
			files = (
				37AE55E2196327C600FE0106 /* AppDelegate.swift in Sources */,
				37AE55FD1963299600FE0106 /* PageViewController.swift in Sources */,
			);
			runOnlyForDeploymentPostprocessing = 0;
		};
		37AE55E5196327C600FE0106 /* Sources */ = {
			isa = PBXSourcesBuildPhase;
			buildActionMask = 2147483647;
			files = (
				37AE55F0196327C600FE0106 /* pageTests.swift in Sources */,
			);
			runOnlyForDeploymentPostprocessing = 0;
		};
/* End PBXSourcesBuildPhase section */

/* Begin PBXTargetDependency section */
		37AE55EB196327C600FE0106 /* PBXTargetDependency */ = {
			isa = PBXTargetDependency;
			target = 37AE55DB196327C600FE0106 /* page */;
			targetProxy = 37AE55EA196327C600FE0106 /* PBXContainerItemProxy */;
		};
/* End PBXTargetDependency section */

/* Begin XCBuildConfiguration section */
		37AE55F1196327C600FE0106 /* Debug */ = {
			isa = XCBuildConfiguration;
			buildSettings = {
				ALWAYS_SEARCH_USER_PATHS = NO;
				CLANG_CXX_LANGUAGE_STANDARD = "gnu++0x";
				CLANG_CXX_LIBRARY = "libc++";
				CLANG_ENABLE_MODULES = YES;
				CLANG_ENABLE_OBJC_ARC = YES;
				CLANG_WARN_BOOL_CONVERSION = YES;
				CLANG_WARN_CONSTANT_CONVERSION = YES;
				CLANG_WARN_DIRECT_OBJC_ISA_USAGE = YES_ERROR;
				CLANG_WARN_EMPTY_BODY = YES;
				CLANG_WARN_ENUM_CONVERSION = YES;
				CLANG_WARN_INT_CONVERSION = YES;
				CLANG_WARN_OBJC_ROOT_CLASS = YES_ERROR;
				CLANG_WARN_UNREACHABLE_CODE = YES;
				CLANG_WARN__DUPLICATE_METHOD_MATCH = YES;
				"CODE_SIGN_IDENTITY[sdk=iphoneos*]" = "iPhone Developer";
				COPY_PHASE_STRIP = NO;
				ENABLE_STRICT_OBJC_MSGSEND = YES;
				GCC_C_LANGUAGE_STANDARD = gnu99;
				GCC_DYNAMIC_NO_PIC = NO;
				GCC_OPTIMIZATION_LEVEL = 0;
				GCC_PREPROCESSOR_DEFINITIONS = (
					"DEBUG=1",
					"$(inherited)",
				);
				GCC_SYMBOLS_PRIVATE_EXTERN = NO;
				GCC_WARN_64_TO_32_BIT_CONVERSION = YES;
				GCC_WARN_ABOUT_RETURN_TYPE = YES_ERROR;
				GCC_WARN_UNDECLARED_SELECTOR = YES;
				GCC_WARN_UNINITIALIZED_AUTOS = YES_AGGRESSIVE;
				GCC_WARN_UNUSED_FUNCTION = YES;
				GCC_WARN_UNUSED_VARIABLE = YES;
				IPHONEOS_DEPLOYMENT_TARGET = 8.0;
				METAL_ENABLE_DEBUG_INFO = YES;
				ONLY_ACTIVE_ARCH = YES;
				SDKROOT = iphoneos;
				SWIFT_OPTIMIZATION_LEVEL = "-Onone";
			};
			name = Debug;
		};
		37AE55F2196327C600FE0106 /* Release */ = {
			isa = XCBuildConfiguration;
			buildSettings = {
				ALWAYS_SEARCH_USER_PATHS = NO;
				CLANG_CXX_LANGUAGE_STANDARD = "gnu++0x";
				CLANG_CXX_LIBRARY = "libc++";
				CLANG_ENABLE_MODULES = YES;
				CLANG_ENABLE_OBJC_ARC = YES;
				CLANG_WARN_BOOL_CONVERSION = YES;
				CLANG_WARN_CONSTANT_CONVERSION = YES;
				CLANG_WARN_DIRECT_OBJC_ISA_USAGE = YES_ERROR;
				CLANG_WARN_EMPTY_BODY = YES;
				CLANG_WARN_ENUM_CONVERSION = YES;
				CLANG_WARN_INT_CONVERSION = YES;
				CLANG_WARN_OBJC_ROOT_CLASS = YES_ERROR;
				CLANG_WARN_UNREACHABLE_CODE = YES;
				CLANG_WARN__DUPLICATE_METHOD_MATCH = YES;
				"CODE_SIGN_IDENTITY[sdk=iphoneos*]" = "iPhone Developer";
				COPY_PHASE_STRIP = YES;
				ENABLE_NS_ASSERTIONS = NO;
				ENABLE_STRICT_OBJC_MSGSEND = YES;
				GCC_C_LANGUAGE_STANDARD = gnu99;
				GCC_WARN_64_TO_32_BIT_CONVERSION = YES;
				GCC_WARN_ABOUT_RETURN_TYPE = YES_ERROR;
				GCC_WARN_UNDECLARED_SELECTOR = YES;
				GCC_WARN_UNINITIALIZED_AUTOS = YES_AGGRESSIVE;
				GCC_WARN_UNUSED_FUNCTION = YES;
				GCC_WARN_UNUSED_VARIABLE = YES;
				IPHONEOS_DEPLOYMENT_TARGET = 8.0;
				METAL_ENABLE_DEBUG_INFO = NO;
				SDKROOT = iphoneos;
				VALIDATE_PRODUCT = YES;
			};
			name = Release;
		};
		37AE55F4196327C600FE0106 /* Debug */ = {
			isa = XCBuildConfiguration;
			buildSettings = {
				ASSETCATALOG_COMPILER_APPICON_NAME = AppIcon;
				ASSETCATALOG_COMPILER_LAUNCHIMAGE_NAME = LaunchImage;
				INFOPLIST_FILE = page/Info.plist;
				LD_RUNPATH_SEARCH_PATHS = "$(inherited) @executable_path/Frameworks";
				PRODUCT_NAME = "$(TARGET_NAME)";
			};
			name = Debug;
		};
		37AE55F5196327C600FE0106 /* Release */ = {
			isa = XCBuildConfiguration;
			buildSettings = {
				ASSETCATALOG_COMPILER_APPICON_NAME = AppIcon;
				ASSETCATALOG_COMPILER_LAUNCHIMAGE_NAME = LaunchImage;
				INFOPLIST_FILE = page/Info.plist;
				LD_RUNPATH_SEARCH_PATHS = "$(inherited) @executable_path/Frameworks";
				PRODUCT_NAME = "$(TARGET_NAME)";
			};
			name = Release;
		};
		37AE55F7196327C600FE0106 /* Debug */ = {
			isa = XCBuildConfiguration;
			buildSettings = {
				BUNDLE_LOADER = "$(BUILT_PRODUCTS_DIR)/page.app/page";
				FRAMEWORK_SEARCH_PATHS = (
					"$(SDKROOT)/Developer/Library/Frameworks",
					"$(inherited)",
				);
				GCC_PREPROCESSOR_DEFINITIONS = (
					"DEBUG=1",
					"$(inherited)",
				);
				INFOPLIST_FILE = pageTests/Info.plist;
				LD_RUNPATH_SEARCH_PATHS = "$(inherited) @executable_path/Frameworks @loader_path/Frameworks";
				METAL_ENABLE_DEBUG_INFO = YES;
				PRODUCT_NAME = "$(TARGET_NAME)";
				TEST_HOST = "$(BUNDLE_LOADER)";
			};
			name = Debug;
		};
		37AE55F8196327C600FE0106 /* Release */ = {
			isa = XCBuildConfiguration;
			buildSettings = {
				BUNDLE_LOADER = "$(BUILT_PRODUCTS_DIR)/page.app/page";
				FRAMEWORK_SEARCH_PATHS = (
					"$(SDKROOT)/Developer/Library/Frameworks",
					"$(inherited)",
				);
				INFOPLIST_FILE = pageTests/Info.plist;
				LD_RUNPATH_SEARCH_PATHS = "$(inherited) @executable_path/Frameworks @loader_path/Frameworks";
				METAL_ENABLE_DEBUG_INFO = NO;
				PRODUCT_NAME = "$(TARGET_NAME)";
				TEST_HOST = "$(BUNDLE_LOADER)";
			};
			name = Release;
		};
/* End XCBuildConfiguration section */

/* Begin XCConfigurationList section */
		37AE55D7196327C600FE0106 /* Build configuration list for PBXProject "page" */ = {
			isa = XCConfigurationList;
			buildConfigurations = (
				37AE55F1196327C600FE0106 /* Debug */,
				37AE55F2196327C600FE0106 /* Release */,
			);
			defaultConfigurationIsVisible = 0;
			defaultConfigurationName = Release;
		};
		37AE55F3196327C600FE0106 /* Build configuration list for PBXNativeTarget "page" */ = {
			isa = XCConfigurationList;
			buildConfigurations = (
				37AE55F4196327C600FE0106 /* Debug */,
				37AE55F5196327C600FE0106 /* Release */,
			);
			defaultConfigurationIsVisible = 0;
		};
		37AE55F6196327C600FE0106 /* Build configuration list for PBXNativeTarget "pageTests" */ = {
			isa = XCConfigurationList;
			buildConfigurations = (
				37AE55F7196327C600FE0106 /* Debug */,
				37AE55F8196327C600FE0106 /* Release */,
			);
			defaultConfigurationIsVisible = 0;
		};
/* End XCConfigurationList section */
	};
	rootObject = 37AE55D4196327C600FE0106 /* Project object */;
}
